
Microsoft Visual Studio Solution File, Format Version 12.00
# Visual Studio Version 17
VisualStudioVersion = 17.2.32616.157
MinimumVisualStudioVersion = 10.0.40219.1
Project("{FAE04EC0-301F-11D3-BF4B-00C04F79EFBC}") = "RabbitMqAck.Test", "RabbitMqAck.Test\RabbitMqAck.Test.csproj", "{BC48A798-F6BE-49CE-9A9A-304DFBA0C2FD}"
EndProject
Global
	GlobalSection(SolutionConfigurationPlatforms) = preSolution
		Debug|Any CPU = Debug|Any CPU
		Release|Any CPU = Release|Any CPU
	EndGlobalSection
	GlobalSection(ProjectConfigurationPlatforms) = postSolution
		{BC48A798-F6BE-49CE-9A9A-304DFBA0C2FD}.Debug|Any CPU.ActiveCfg = Debug|Any CPU
		{BC48A798-F6BE-49CE-9A9A-304DFBA0C2FD}.Debug|Any CPU.Build.0 = Debug|Any CPU
		{BC48A798-F6BE-49CE-9A9A-304DFBA0C2FD}.Release|Any CPU.ActiveCfg = Release|Any CPU
		{BC48A798-F6BE-49CE-9A9A-304DFBA0C2FD}.Release|Any CPU.Build.0 = Release|Any CPU
	EndGlobalSection
	GlobalSection(SolutionProperties) = preSolution
		HideSolutionNode = FALSE
	EndGlobalSection
	GlobalSection(ExtensibilityGlobals) = postSolution
		SolutionGuid = {97D1A881-F6F4-433F-88F0-A24535DBEA84}
	EndGlobalSection
EndGlobal
